version: 7
platforms:
- name: linux-64
  virtual-packages:
  - __unix=0=0
  - __linux=4.18
  - __glibc=2.28
  - __archspec=0=x86_64
- name: win-64
  virtual-packages:
  - __win=10.0
  - __archspec=0=x86_64
environments:
  default:
    channels:
    - url: https://conda.anaconda.org/conda-forge/
    - url: https://repo.anaconda.com/pkgs/main/
    packages:
      linux-64:
      - conda: https://conda.anaconda.org/conda-forge/linux-64/_openmp_mutex-4.5-20_gnu.conda
      - conda: https://conda.anaconda.org/conda-forge/linux-64/blas-1.1-openblas.tar.bz2
      - conda: https://conda.anaconda.org/conda-forge/linux-64/icu-78.3-py310h44b86e0_2.conda
      - conda: https://conda.anaconda.org/conda-forge/linux-64/ld_impl_linux-64-2.46.1-default_hbd61a6d_102.conda
      - conda: https://conda.anaconda.org/conda-forge/linux-64/libblas-3.9.0-1_h86c2bf4_netlib.tar.bz2
      - conda: https://conda.anaconda.org/conda-forge/linux-64/libcblas-3.9.0-6_ha36c22a_netlib.conda
      - conda: https://conda.anaconda.org/conda-forge/linux-64/libffi-3.4.6-h2dba641_1.conda
      - conda: https://conda.anaconda.org/conda-forge/linux-64/libgcc-16.2.0-ha9f2e26_4.conda
      - conda: https://conda.anaconda.org/conda-forge/linux-64/libgcc-ng-16.2.0-h69a702a_4.conda
      - conda: https://conda.anaconda.org/conda-forge/linux-64/libgfortran-ng-7.5.0-h14aa051_20.tar.bz2
      - conda: https://conda.anaconda.org/conda-forge/linux-64/libgfortran4-7.5.0-h14aa051_20.tar.bz2
      - conda: https://conda.anaconda.org/conda-forge/linux-64/libgfortran5-16.2.0-h6b99dfc_4.conda
      - conda: https://conda.anaconda.org/conda-forge/linux-64/libgomp-16.2.0-he0feb66_4.conda
      - conda: https://conda.anaconda.org/conda-forge/linux-64/liblapack-3.9.0-6_ha36c22a_netlib.conda
      - conda: https://conda.anaconda.org/conda-forge/linux-64/liblzma-5.8.3-hb03c661_1.conda
      - conda: https://conda.anaconda.org/conda-forge/linux-64/liblzma-devel-5.8.3-hb03c661_1.conda
      - conda: https://conda.anaconda.org/conda-forge/linux-64/libnsl-2.0.1-hb9d3cd8_1.conda
      - conda: https://conda.anaconda.org/conda-forge/linux-64/libsqlite-3.53.4-h13e7031_1.conda
      - conda: https://conda.anaconda.org/conda-forge/linux-64/libstdcxx-16.2.0-h934c35e_4.conda
      - conda: https://conda.anaconda.org/conda-forge/linux-64/libstdcxx-ng-16.2.0-hdf11a46_4.conda
      - conda: https://conda.anaconda.org/conda-forge/linux-64/libzlib-1.3.2-h25fd6f3_3.conda
      - conda: https://conda.anaconda.org/conda-forge/linux-64/ncurses-6.6-hdb14827_1.conda
      - conda: https://conda.anaconda.org/conda-forge/linux-64/numpy-1.15.4-py36h8b7e671_1002.tar.bz2
      - conda: https://conda.anaconda.org/conda-forge/linux-64/openblas-0.3.3-h9ac9557_1001.tar.bz2
      - conda: https://conda.anaconda.org/conda-forge/linux-64/openssl-1.1.1w-hd590300_0.conda
      - conda: https://conda.anaconda.org/conda-forge/linux-64/pandas-0.23.4-py36h637b7d7_1000.tar.bz2
      - conda: https://conda.anaconda.org/conda-forge/linux-64/python-3.6.15-hb7a2778_0_cpython.tar.bz2
      - conda: https://conda.anaconda.org/conda-forge/linux-64/python_abi-3.6-2_cp36m.tar.bz2
      - conda: https://conda.anaconda.org/conda-forge/linux-64/readline-8.3-hd6e31c0_1.conda
      - conda: https://conda.anaconda.org/conda-forge/linux-64/scipy-1.1.0-py36_blas_openblash1522bff_1202.tar.bz2
      - conda: https://conda.anaconda.org/conda-forge/linux-64/setuptools-58.0.4-py36h5fab9bb_2.tar.bz2
      - conda: https://conda.anaconda.org/conda-forge/linux-64/sqlite-3.53.4-h9ffa6c4_1.conda
      - conda: https://conda.anaconda.org/conda-forge/linux-64/tk-8.6.13-noxft_h1df4ec4_4.conda
      - conda: https://conda.anaconda.org/conda-forge/linux-64/xz-5.8.3-ha02ee65_1.conda
      - conda: https://conda.anaconda.org/conda-forge/linux-64/xz-gpl-tools-5.8.3-ha02ee65_1.conda
      - conda: https://conda.anaconda.org/conda-forge/linux-64/xz-tools-5.8.3-hb03c661_1.conda
      - conda: https://conda.anaconda.org/conda-forge/linux-64/zstd-1.5.7-hb78ec9c_7.conda
      - conda: https://conda.anaconda.org/conda-forge/noarch/ca-certificates-2026.7.22-hbd8a1cb_0.conda
      - conda: https://conda.anaconda.org/conda-forge/noarch/decorator-5.1.1-pyhd8ed1ab_0.tar.bz2
      - conda: https://conda.anaconda.org/conda-forge/noarch/networkx-2.4-py_1.tar.bz2
      - conda: https://conda.anaconda.org/conda-forge/noarch/python-dateutil-2.8.2-pyhd8ed1ab_0.tar.bz2
      - conda: https://conda.anaconda.org/conda-forge/noarch/pytz-2023.3.post1-pyhd8ed1ab_0.conda
      - conda: https://conda.anaconda.org/conda-forge/noarch/six-1.16.0-pyh6c4a22f_0.tar.bz2
      - conda: https://conda.anaconda.org/conda-forge/noarch/texttable-1.5.0-py_0.tar.bz2
      - conda: https://conda.anaconda.org/conda-forge/noarch/tqdm-4.28.1-py_0.tar.bz2
      win-64:
      - conda: https://conda.anaconda.org/conda-forge/noarch/decorator-5.1.1-pyhd8ed1ab_0.tar.bz2
      - conda: https://conda.anaconda.org/conda-forge/noarch/networkx-2.4-py_1.tar.bz2
      - conda: https://conda.anaconda.org/conda-forge/noarch/python-dateutil-2.8.2-pyhd8ed1ab_0.tar.bz2
      - conda: https://conda.anaconda.org/conda-forge/noarch/pytz-2023.3.post1-pyhd8ed1ab_0.conda
      - conda: https://conda.anaconda.org/conda-forge/noarch/six-1.16.0-pyh6c4a22f_0.tar.bz2
      - conda: https://conda.anaconda.org/conda-forge/noarch/texttable-1.5.0-py_0.tar.bz2
      - conda: https://conda.anaconda.org/conda-forge/noarch/tqdm-4.28.1-py_0.tar.bz2
      - conda: https://conda.anaconda.org/conda-forge/win-64/blas-1.0-mkl.tar.bz2
      - conda: https://conda.anaconda.org/conda-forge/win-64/intel-openmp-2026.1.0-h57928b3_248.conda
      - conda: https://conda.anaconda.org/conda-forge/win-64/libblas-3.9.0-8_mkl.tar.bz2
      - conda: https://conda.anaconda.org/conda-forge/win-64/libcblas-3.9.0-8_mkl.tar.bz2
      - conda: https://conda.anaconda.org/conda-forge/win-64/liblapack-3.9.0-8_mkl.tar.bz2
      - conda: https://conda.anaconda.org/conda-forge/win-64/mkl-2020.4-hb70f87d_311.tar.bz2
      - conda: https://conda.anaconda.org/conda-forge/win-64/numpy-1.15.4-py36h8078771_1002.tar.bz2
      - conda: https://conda.anaconda.org/conda-forge/win-64/pandas-0.23.4-py36h830ac7b_1000.tar.bz2
      - conda: https://conda.anaconda.org/conda-forge/win-64/python-3.6.15-h39d44d4_0_cpython.tar.bz2
      - conda: https://conda.anaconda.org/conda-forge/win-64/python_abi-3.6-2_cp36m.tar.bz2
      - conda: https://conda.anaconda.org/conda-forge/win-64/setuptools-58.0.4-py36ha15d459_2.tar.bz2
      - conda: https://conda.anaconda.org/conda-forge/win-64/ucrt-10.0.26100.0-h57928b3_0.conda
      - conda: https://conda.anaconda.org/conda-forge/win-64/vc-14.5-ha367084_41.conda
      - conda: https://conda.anaconda.org/conda-forge/win-64/vc14_runtime-14.51.36247-habf1de7_41.conda
      - conda: https://conda.anaconda.org/conda-forge/win-64/vcomp14-14.51.36247-habf1de7_41.conda
      - conda: https://conda.anaconda.org/conda-forge/win-64/vs2015_runtime-14.51.36247-h633cb9f_41.conda
      - conda: https://repo.anaconda.com/pkgs/main/win-64/icc_rt-2022.1.0-h6049295_2.conda
      - conda: https://repo.anaconda.com/pkgs/main/win-64/scipy-1.1.0-py36h29ff71c_2.conda
packages:
- conda: https://conda.anaconda.org/conda-forge/linux-64/_openmp_mutex-4.5-20_gnu.conda
  build_number: 20
  sha256: 1dd3fffd892081df9726d7eb7e0dea6198962ba775bd88842135a4ddb4deb3c9
  md5: a9f577daf3de00bca7c3c76c0ecbd1de
  depends:
  - __glibc >=2.17,<3.0.a0
  - libgomp >=7.5.0
  constrains:
  - openmp_impl <0.0a0
  license: BSD-3-Clause
  license_family: BSD
  run_exports:
    strong:
    - _openmp_mutex >=4.5
  size: 28948
  timestamp: 1770939786096
- conda: https://conda.anaconda.org/conda-forge/linux-64/blas-1.1-openblas.tar.bz2
  sha256: d88587e8efc5c0e02a6559ac358a201a206dcb466d6addf375cbd1f177d8edd8
  md5: c259e7a3ea775c6dcba191072cab3adb
  depends:
  - openblas
  track_features:
  - blas_openblas
  license: BSD 3-clause
  run_exports: {}
  size: 1382
- conda: https://conda.anaconda.org/conda-forge/linux-64/icu-78.3-py310h44b86e0_2.conda
  sha256: 9f07834f0c546ab14d885ce0366285f61f44e326c0edd1fc63b8294e113ae432
  md5: 72a381cbad04f24b1c2a43ef707f45b4
  depends:
  - __glibc >=2.17,<3.0.a0
  - libstdcxx >=14
  - libgcc >=14
  license: MIT
  license_family: MIT
  run_exports:
    weak:
    - icu >=78.3,<79.0a0
  size: 14459115
  timestamp: 1786545741408
- conda: https://conda.anaconda.org/conda-forge/linux-64/ld_impl_linux-64-2.46.1-default_hbd61a6d_102.conda
  sha256: 27d83f1188cd19bcb7754a078b3fa7f4cfb8527f8eb2fde54dd01fc529d1adec
  md5: 449500f2c089da11c40f5c21312e3e07
  depends:
  - __glibc >=2.17,<3.0.a0
  - zstd >=1.5.7,<1.6.0a0
  constrains:
  - binutils_impl_linux-64 2.46.1
  license: GPL-3.0-only
  license_family: GPL
  run_exports: {}
  size: 745303
  timestamp: 1784214507189
- conda: https://conda.anaconda.org/conda-forge/linux-64/libblas-3.9.0-1_h86c2bf4_netlib.tar.bz2
  build_number: 1
  sha256: c95bf82fbf258350d5f61c653a1a14d2e1cca7302bb348cc8347caa84e7ac9b1
  md5: 91273b91f1023d5c72ffc79e02e7812e
  depends:
  - libgcc-ng >=9.3.0
  - libgfortran-ng
  - libgfortran5 >=9.3.0
  constrains:
  - mkl <2025
  track_features:
  - blas_netlib
  - blas_netlib_2
  license: BSD-3-Clause
  license_family: BSD
  run_exports:
    weak:
    - libblas >=3.9.0,<4.0a0
  size: 203305
  timestamp: 1603052017387
- conda: https://conda.anaconda.org/conda-forge/linux-64/libcblas-3.9.0-6_ha36c22a_netlib.conda
  build_number: 6
  sha256: 06179b81a465fc926a1ee33e03581617b4b8ad832046a0d48b8bfe6428f42d0b
  md5: 6a3b5e0412437b7269a787cea144cc0c
  depends:
  - libblas 3.9.0.*
  - libgcc-ng >=12
  - libgfortran-ng
  - libgfortran5 >=12.3.0
  constrains:
  - mkl <2025
  track_features:
  - blas_netlib
  - blas_netlib_2
  license: BSD-3-Clause
  license_family: BSD
  run_exports:
    weak:
    - libcblas >=3.9.0,<4.0a0
  size: 52182
  timestamp: 1719209194230
- conda: https://conda.anaconda.org/conda-forge/linux-64/libffi-3.4.6-h2dba641_1.conda
  sha256: 764432d32db45466e87f10621db5b74363a9f847d2b8b1f9743746cd160f06ab
  md5: ede4673863426c0883c0063d853bbd85
  depends:
  - __glibc >=2.17,<3.0.a0
  - libgcc >=13
  license: MIT
  license_family: MIT
  run_exports:
    weak:
    - libffi >=3.4.6,<3.5.0a0
  size: 57433
  timestamp: 1743434498161
- conda: https://conda.anaconda.org/conda-forge/linux-64/libgcc-16.2.0-ha9f2e26_4.conda
  sha256: 24090e675d34403b4ee1cd4372d8f6c0937da7ecfd66a19a57cac2ed0f4ea793
  md5: cba14d01083fc62ffd32c24d7d390633
  depends:
  - __glibc >=2.17,<3.0.a0
  - _openmp_mutex >=4.5
  constrains:
  - libgcc-ng ==16.2.0=*_4
  - libgomp 16.2.0 he0feb66_4
  license: GPL-3.0-only WITH GCC-exception-3.1
  license_family: GPL
  run_exports: {}
  size: 1058083
  timestamp: 1787618680111
- conda: https://conda.anaconda.org/conda-forge/linux-64/libgcc-ng-16.2.0-h69a702a_4.conda
  sha256: d8e66c14e23f2b3c70410cff5979d9d357e6edfb990b28d8e630852f4d395629
  md5: b3e52878163a841f6fb951989cc0b217
  depends:
  - libgcc 16.2.0 ha9f2e26_4
  license: GPL-3.0-only WITH GCC-exception-3.1
  license_family: GPL
  run_exports:
    strong:
    - libgcc
  size: 28403
  timestamp: 1787618684957
- conda: https://conda.anaconda.org/conda-forge/linux-64/libgfortran-ng-7.5.0-h14aa051_20.tar.bz2
  sha256: 7347a7a57f992d3d4fdb1bf98582ec0963d45b16d9dfb3efe2045ff2cb157527
  md5: c3b2ad091c043c08689e64b10741484b
  depends:
  - libgfortran4 7.5.0.*
  license: GPL-3.0-only WITH GCC-exception-3.1
  license_family: GPL
  run_exports: {}
  size: 23435
  timestamp: 1644093859248
- conda: https://conda.anaconda.org/conda-forge/linux-64/libgfortran4-7.5.0-h14aa051_20.tar.bz2
  sha256: a8f3ae8e6c9fbe52f7403bfb2e00bf0c5169ab0702a4a5f3ad88494867e03427
  md5: a072eab836c3a9578ce72b5640ce592d
  constrains:
  - libgfortran-ng 7.5.0 *_20
  license: GPL-3.0-only WITH GCC-exception-3.1
  license_family: GPL
  run_exports: {}
  size: 1309697
  timestamp: 1644093800802
- conda: https://conda.anaconda.org/conda-forge/linux-64/libgfortran5-16.2.0-h6b99dfc_4.conda
  sha256: a5510cbcea3b9e9ab24b336429de997fa727af1dba323031500a962a20e38600
  md5: c22348a769bb072b6184eb6f7f05e4f2
  depends:
  - __glibc >=2.17,<3.0.a0
  - libgcc >=16.2.0
  constrains:
  - libgfortran 16.2.0
  license: GPL-3.0-only WITH GCC-exception-3.1
  license_family: GPL
  run_exports: {}
  size: 2526008
  timestamp: 1787618692926
- conda: https://conda.anaconda.org/conda-forge/linux-64/libgomp-16.2.0-he0feb66_4.conda
  sha256: 0fe5cb8e0752241ab55e11656ed1b9726248b522d23b929fe7c95b83eb55b9bb
  md5: 89d2c1231f47bd818f5d624b9411459d
  depends:
  - __glibc >=2.17,<3.0.a0
  license: GPL-3.0-only WITH GCC-exception-3.1
  license_family: GPL
  run_exports:
    strong:
    - _openmp_mutex >=4.5
  size: 639968
  timestamp: 1787618616266
- conda: https://conda.anaconda.org/conda-forge/linux-64/liblapack-3.9.0-6_ha36c22a_netlib.conda
  build_number: 6
  sha256: c8a288a2727d3f1a4161d68bb79501540c154e5710956958effc497b8ab123bc
  md5: fe07396c3775ef919d596359ccc566e7
  depends:
  - libblas 3.9.0.*
  - libgcc-ng >=12
  - libgfortran-ng
  - libgfortran5 >=12.3.0
  constrains:
  - mkl <2025
  track_features:
  - blas_netlib
  - blas_netlib_2
  license: BSD-3-Clause
  license_family: BSD
  run_exports:
    weak:
    - liblapack >=3.9.0,<4.0a0
  size: 2758682
  timestamp: 1719209202374
- conda: https://conda.anaconda.org/conda-forge/linux-64/liblzma-5.8.3-hb03c661_1.conda
  sha256: 9787df8c22a59c9a70d3e5a10db9ad663485e75e9ccc3f09bd092cb7b95e0dab
  md5: 1390b7c5ac0b1d8e447bc5efa6d3c8c2
  depends:
  - __glibc >=2.17,<3.0.a0
  - libgcc >=14
  constrains:
  - xz 5.8.3.*
  license: 0BSD
  run_exports:
    weak:
    - liblzma >=5.8.3,<6.0a0
  size: 112995
  timestamp: 1786348617826
- conda: https://conda.anaconda.org/conda-forge/linux-64/liblzma-devel-5.8.3-hb03c661_1.conda
  sha256: adef6e8b60afb684110b06b5310977c6836e1c923ce3ec199f45c0f000b42f20
  md5: 6d83d6a332c19424e9e66b69b180ec11
  depends:
  - __glibc >=2.17,<3.0.a0
  - libgcc >=14
  - liblzma 5.8.3 hb03c661_1
  license: 0BSD
  run_exports:
    weak:
    - liblzma >=5.8.3,<6.0a0
  size: 491970
  timestamp: 1786348627135
- conda: https://conda.anaconda.org/conda-forge/linux-64/libnsl-2.0.1-hb9d3cd8_1.conda
  sha256: 927fe72b054277cde6cb82597d0fcf6baf127dcbce2e0a9d8925a68f1265eef5
  md5: d864d34357c3b65a4b731f78c0801dc4
  depends:
  - __glibc >=2.17,<3.0.a0
  - libgcc >=13
  license: LGPL-2.1-only
  license_family: GPL
  run_exports:
    weak:
    - libnsl >=2.0.1,<2.1.0a0
  size: 33731
  timestamp: 1750274110928
- conda: https://conda.anaconda.org/conda-forge/linux-64/libsqlite-3.53.4-h13e7031_1.conda
  sha256: f20d70da54e5b31dd4a51fb1efeaafafd5ab6dd8d7ac9d1438eaa2526ac4ed3d
  md5: e72bbec309c2b0f37823ee7d4fabfcd3
  depends:
  - __glibc >=2.17,<3.0.a0
  - icu >=78.3,<79.0a0
  - libgcc >=15
  - libzlib >=1.3.2,<2.0a0
  license: blessing
  run_exports:
    weak:
    - libsqlite >=3.53.4,<4.0a0
  size: 974348
  timestamp: 1787051145557
- conda: https://conda.anaconda.org/conda-forge/linux-64/libstdcxx-16.2.0-h934c35e_4.conda
  sha256: 40b792b0186c1e8859280a1f6f19a54fc50a11b32724fc7b637009c1a9bd302b
  md5: 2f2ef0d96de5bdd8c1270ff22fdf9352
  depends:
  - __glibc >=2.17,<3.0.a0
  - libgcc 16.2.0 ha9f2e26_4
  constrains:
  - libstdcxx-ng ==16.2.0=*_4
  license: GPL-3.0-only WITH GCC-exception-3.1
  license_family: GPL
  run_exports: {}
  size: 6613148
  timestamp: 1787618704262
- conda: https://conda.anaconda.org/conda-forge/linux-64/libstdcxx-ng-16.2.0-hdf11a46_4.conda
  sha256: 4cdebd87b76cf53a58a08ebd6d15336daa79c5f0aa34d83a895ac503c0203632
  md5: de0dceacf3e33c5fc88e167885dc8274
  depends:
  - libstdcxx 16.2.0 h934c35e_4
  license: GPL-3.0-only WITH GCC-exception-3.1
  license_family: GPL
  run_exports:
    strong:
    - libstdcxx
  size: 28459
  timestamp: 1787618737021
- conda: https://conda.anaconda.org/conda-forge/linux-64/libzlib-1.3.2-h25fd6f3_3.conda
  sha256: eb8a0db0aa570124f7d2a93d7c7f596e3390df5e047818d873baad32985fc736
  md5: 0de0122d9570a8ab637c6b73db268389
  depends:
  - __glibc >=2.17,<3.0.a0
  constrains:
  - zlib 1.3.2 *_3
  license: Zlib
  license_family: Other
  run_exports:
    weak:
    - libzlib >=1.3.2,<2.0a0
  size: 63713
  timestamp: 1785362952714
- conda: https://conda.anaconda.org/conda-forge/linux-64/ncurses-6.6-hdb14827_1.conda
  sha256: 5d46557214ed184381dafe835b7c94a474a1c3b307a08a250b1ea4779b44ffb3
  md5: ee6c0cd80a60961a1f48aa3e0b91f986
  depends:
  - __glibc >=2.17,<3.0.a0
  - libgcc >=14
  license: X11 AND BSD-3-Clause
  run_exports:
    weak:
    - ncurses >=6.6,<7.0a0
  size: 911196
  timestamp: 1786355078102
- conda: https://conda.anaconda.org/conda-forge/linux-64/numpy-1.15.4-py36h8b7e671_1002.tar.bz2
  sha256: 42044f14654dd56df86cb5444b2f35eac1b53f438aca0c667f0cbcc1fbaf0a9f
  md5: 6bb5f06ef7252f6dca50ad02b565264a
  depends:
  - libblas >=3.8.0,<4.0a0
  - libcblas >=3.8.0,<4.0a0
  - libgcc-ng >=7.3.0
  - liblapack >=3.8.0,<4.0.0a0
  - python >=3.6,<3.7.0a0
  constrains:
  - python_abi * *_cp36m
  license: BSD 3-Clause
  run_exports: {}
  size: 4358468
  timestamp: 1552900575666
- conda: https://conda.anaconda.org/conda-forge/linux-64/openblas-0.3.3-h9ac9557_1001.tar.bz2
  sha256: e15d4f2917f4c5a372faed70f474d986db154e2393976bf187ae6ee1bba45e32
  md5: 87ac95d75862ec2f815e3fe427b50359
  depends:
  - libgcc-ng >=7.3.0
  - libgfortran-ng >=7,<8.0a0
  license: BSD 3-Clause
  run_exports: {}
  size: 16559233
  timestamp: 1538804677744
- conda: https://conda.anaconda.org/conda-forge/linux-64/openssl-1.1.1w-hd590300_0.conda
  sha256: 4fe19885c77f0758084feb54954bd1977dfeeab7134fba0a1d9c0cfff821d6bd
  md5: 301e70057a3bd399640bb16bbdf87995
  depends:
  - ca-certificates
  - libgcc-ng >=12
  license: OpenSSL
  license_family: Apache
  run_exports:
    weak:
    - openssl >=1.1.1w,<1.1.2a
  size: 1956010
  timestamp: 1694461292959
- conda: https://conda.anaconda.org/conda-forge/linux-64/pandas-0.23.4-py36h637b7d7_1000.tar.bz2
  sha256: 0fd378be6445634544f45983760e54a07c9e841d0bb81a9ca4cb85abbca2748f
  md5: 98604ac0aa9133172d904a0eeb04905e
  depends:
  - libgcc-ng >=7.3.0
  - libstdcxx-ng >=7.3.0
  - numpy >=1.9.3,<2.0a0
  - python >=3.6,<3.7.0a0
  - python-dateutil >=2.5.*
  - pytz
  - setuptools <60.0.0
  constrains:
  - python_abi * *_cp36m
  license: BSD 3-clause
  run_exports: {}
  size: 10235856
  timestamp: 1539409575761
- conda: https://conda.anaconda.org/conda-forge/linux-64/python-3.6.15-hb7a2778_0_cpython.tar.bz2
  sha256: 439a34f8bfb5b7860eea8361fbff192420df66bf8f399edadb0049f3468d68de
  md5: 2263dbd2d8116aa8dd974602faabb1a2
  depends:
  - ld_impl_linux-64 >=2.34
  - libffi >=3.4.2,<3.5.0a0
  - libgcc-ng >=9.4.0
  - libnsl >=2.0.0,<2.1.0a0
  - libstdcxx-ng >=9.4.0
  - libzlib >=1.2.11,<2.0.0a0
  - ncurses >=6.2,<7.0.0a0
  - openssl >=1.1.1l,<1.1.2a
  - readline >=8.1,<9.0a0
  - sqlite >=3.37.0,<4.0a0
  - tk >=8.6.11,<8.7.0a0
  - xz >=5.2.5,<6.0.0a0
  constrains:
  - python_abi 3.6.* *_cp36m
  license: Python-2.0
  run_exports:
    weak:
    - python_abi 3.6.* *_cp36m
    noarch:
    - python
  size: 40217344
  timestamp: 1638557695596
- conda: https://conda.anaconda.org/conda-forge/linux-64/python_abi-3.6-2_cp36m.tar.bz2
  build_number: 2
  sha256: 0572137e715cfc699fc5a771ae81ae797b271a3fc4ca02fdcaff634fe2a03789
  md5: 6f5b92d833a339da29ad8578c2a648ad
  depends:
  - python 3.6.*
  constrains:
  - pypy <0a0
  license: BSD-3-Clause
  license_family: BSD
  run_exports: {}
  size: 4011
  timestamp: 1624472037720
- conda: https://conda.anaconda.org/conda-forge/linux-64/readline-8.3-hd6e31c0_1.conda
  sha256: 01b3fe073a66e321970d09e04b388708f8cbdca5cdfbfcb7c9eeb470ad10383d
  md5: 69c01c781e7c8190bbdaf79e3848c5ca
  depends:
  - __glibc >=2.17,<3.0.a0
  - libgcc >=15
  - ncurses >=6.6,<7.0a0
  license: GPL-3.0-only
  license_family: GPL
  run_exports:
    weak:
    - readline >=8.3,<9.0a0
  size: 348899
  timestamp: 1787033801506
- conda: https://conda.anaconda.org/conda-forge/linux-64/scipy-1.1.0-py36_blas_openblash1522bff_1202.tar.bz2
  sha256: 77fcbf027bf366e2844051c49ebe96977d69de9c4c38c3e709c3a71315b7db10
  md5: 90cf491eae989e735c0bb7a7dcb0fc10
  depends:
  - blas 1.1 openblas
  - libgcc-ng >=7.3.0
  - libgfortran-ng >=7,<8.0a0
  - libstdcxx-ng >=7.3.0
  - numpy >=1.9.3,<2.0a0
  - openblas >=0.3.3,<0.3.4.0a0
  - python >=3.6,<3.7.0a0
  constrains:
  - python_abi * *_cp36m
  - libopenblas <0.3.26
  features: blas_openblas
  license: BSD 3-Clause
  run_exports: {}
  size: 18249312
  timestamp: 1539422851731
- conda: https://conda.anaconda.org/conda-forge/linux-64/setuptools-58.0.4-py36h5fab9bb_2.tar.bz2
  sha256: 1bde5b6c7e28a4df47d9f6ee910f183b1ce43500457095f36b58a16d8dba355c
  md5: d584b24af029d1fc78b6a0d2cc294d40
  depends:
  - python >=3.6,<3.7.0a0
  - python_abi 3.6.* *_cp36m
  license: MIT
  license_family: MIT
  run_exports: {}
  size: 988813
  timestamp: 1632599039702
- conda: https://conda.anaconda.org/conda-forge/linux-64/sqlite-3.53.4-h9ffa6c4_1.conda
  sha256: b01812eff4e950a73933cb3dc14647a97ee377c7fab4858495b80a749ebfbf8b
  md5: d42b24574925bfa3167efb3571c905ad
  depends:
  - __glibc >=2.17,<3.0.a0
  - icu >=78.3,<79.0a0
  - libgcc >=15
  - libsqlite 3.53.4 h13e7031_1
  - libzlib >=1.3.2,<2.0a0
  - ncurses >=6.6,<7.0a0
  - readline >=8.3,<9.0a0
  license: blessing
  run_exports:
    weak:
    - libsqlite >=3.53.4,<4.0a0
  size: 205686
  timestamp: 1787051150973
- conda: https://conda.anaconda.org/conda-forge/linux-64/tk-8.6.13-noxft_h1df4ec4_4.conda
  build_number: 104
  sha256: a1a241d172c1ccab067ba245206dd048bc3c2d1b84504b53c9468e99adfc16a1
  md5: 676a2f9b1c4fcf57b70aa5c65f6c60d0
  depends:
  - libgcc >=15
  - __glibc >=2.17,<3.0.a0
  - libzlib >=1.3.2,<2.0a0
  constrains:
  - xorg-libx11 >=1.8.13,<2.0a0
  license: TCL
  run_exports:
    weak:
    - tk >=8.6.13,<8.7.0a0
  size: 3566806
  timestamp: 1787272857910
- conda: https://conda.anaconda.org/conda-forge/linux-64/xz-5.8.3-ha02ee65_1.conda
  sha256: 547b2392d8f7b76efd4a0970946f6da2a1136ad5fe3dc936af81e02eb7181076
  md5: 36a079606b3aaf9d726211825f182452
  depends:
  - __glibc >=2.17,<3.0.a0
  - libgcc >=14
  - liblzma 5.8.3 hb03c661_1
  - liblzma-devel 5.8.3 hb03c661_1
  - xz-gpl-tools 5.8.3 ha02ee65_1
  - xz-tools 5.8.3 hb03c661_1
  license: 0BSD AND LGPL-2.1-or-later AND GPL-2.0-or-later
  run_exports:
    weak:
    - liblzma >=5.8.3,<6.0a0
  size: 23610
  timestamp: 1786348658246
- conda: https://conda.anaconda.org/conda-forge/linux-64/xz-gpl-tools-5.8.3-ha02ee65_1.conda
  sha256: ed6dbec5e4f0f71e7ac629b90dc4c9fba38d194cc88eab891c29e461b408977a
  md5: 137db930adb0b3c5407485e0e1a50cfa
  depends:
  - __glibc >=2.17,<3.0.a0
  - libgcc >=14
  - liblzma 5.8.3 hb03c661_1
  constrains:
  - xz 5.8.3.*
  license: 0BSD AND LGPL-2.1-or-later AND GPL-2.0-or-later
  run_exports:
    weak:
    - liblzma >=5.8.3,<6.0a0
  size: 40118
  timestamp: 1786348648882
- conda: https://conda.anaconda.org/conda-forge/linux-64/xz-tools-5.8.3-hb03c661_1.conda
  sha256: c74fa3eddd3ea648456517948f85068d8a07acad7752fd83c7e95b6cebb7114a
  md5: 10d693a2db6e8339e4eebcb3a3dae88d
  depends:
  - __glibc >=2.17,<3.0.a0
  - libgcc >=14
  - liblzma 5.8.3 hb03c661_1
  constrains:
  - xz 5.8.3.*
  license: 0BSD AND LGPL-2.1-or-later
  run_exports: {}
  size: 96459
  timestamp: 1786348637686
- conda: https://conda.anaconda.org/conda-forge/linux-64/zstd-1.5.7-hb78ec9c_7.conda
  sha256: 47d682b9f6d6ec9eb1a6e6c3e75ea6273e899e78fb7fc59f81d39745009fbc60
  md5: aa459086047c0e5e27023ab19f8cb86a
  depends:
  - __glibc >=2.17,<3.0.a0
  - libzlib >=1.3.2,<2.0a0
  license: BSD-3-Clause
  license_family: BSD
  run_exports:
    weak:
    - zstd >=1.5.7,<1.6.0a0
  size: 601301
  timestamp: 1786599621503
- conda: https://conda.anaconda.org/conda-forge/noarch/ca-certificates-2026.7.22-hbd8a1cb_0.conda
  sha256: 0a0544cf95f64394fe4959286f5c71f5444ad58feb0602e53becb27448d24da6
  md5: 0f51e2391ade309db462a55611263e9c
  depends:
  - __unix
  license: ISC
  run_exports: {}
  size: 131780
  timestamp: 1784754889428
- conda: https://conda.anaconda.org/conda-forge/noarch/decorator-5.1.1-pyhd8ed1ab_0.tar.bz2
  sha256: 328a6a379f9bdfd0230e51de291ce858e6479411ea4b0545fb377c71662ef3e2
  md5: 43afe5ab04e35e17ba28649471dd7364
  depends:
  - python >=3.5
  license: BSD-2-Clause
  license_family: BSD
  run_exports: {}
  size: 12072
  timestamp: 1641555714315
- conda: https://conda.anaconda.org/conda-forge/noarch/networkx-2.4-py_1.tar.bz2
  sha256: 428834b2948cdbfd0e7af92a475ae3c3fbe49ddf2de2d5439f75d7ba5e3c5170
  md5: 5aaf85a2001a7d818148794f3099eb5e
  depends:
  - decorator >=4.3.0
  - python >=3.5
  - setuptools
  license: BSD-3-Clause
  license_family: BSD
  run_exports: {}
  size: 1243456
  timestamp: 1583839033532
- conda: https://conda.anaconda.org/conda-forge/noarch/python-dateutil-2.8.2-pyhd8ed1ab_0.tar.bz2
  sha256: 54d7785c7678166aa45adeaccfc1d2b8c3c799ca2dc05d4a82bb39b1968bd7da
  md5: dd999d1cc9f79e67dbb855c8924c7984
  depends:
  - python >=3.6
  - six >=1.5
  license: Apache-2.0
  license_family: APACHE
  run_exports: {}
  size: 245987
  timestamp: 1626286448716
- conda: https://conda.anaconda.org/conda-forge/noarch/pytz-2023.3.post1-pyhd8ed1ab_0.conda
  sha256: 6b680e63d69aaf087cd43ca765a23838723ef59b0a328799e6363eb13f52c49e
  md5: c93346b446cd08c169d843ae5fc0da97
  depends:
  - python >=3.6
  license: MIT
  license_family: MIT
  run_exports: {}
  size: 187454
  timestamp: 1693930444432
- conda: https://conda.anaconda.org/conda-forge/noarch/six-1.16.0-pyh6c4a22f_0.tar.bz2
  sha256: a85c38227b446f42c5b90d9b642f2c0567880c15d72492d8da074a59c8f91dd6
  md5: e5f25f8dbc060e9a8d912e432202afc2
  depends:
  - python
  license: MIT
  license_family: MIT
  run_exports: {}
  size: 14259
  timestamp: 1620240338595
- conda: https://conda.anaconda.org/conda-forge/noarch/texttable-1.5.0-py_0.tar.bz2
  sha256: b0776c75402fd453dde95ed6dc872c52dd48f1d935bd769cf338a27d9ea1c229
  md5: 9b364897fbe83a5e6c582dfe04f7a858
  depends:
  - python
  license: LGPL-3.0
  license_family: LGPL
  run_exports: {}
  size: 14228
  timestamp: 1541176310377
- conda: https://conda.anaconda.org/conda-forge/noarch/tqdm-4.28.1-py_0.tar.bz2
  sha256: f0de34777d0a75564608fee33f4e5f43a103e47f997712711e814f9992d1f933
  md5: 00e77bb3bef30776fa2edde3654a0b45
  depends:
  - python
  license: MPLv2.0, MIT
  license_family: MIT
  run_exports: {}
  size: 38503
  timestamp: 1540241659460
- conda: https://conda.anaconda.org/conda-forge/win-64/blas-1.0-mkl.tar.bz2
  sha256: 4d605a266a84dfb4845dcffdca741b26a8e5ec5445254a998bca1fbbc231836f
  md5: f621d7bbe874786272e62d72c5a7b4fc
  depends:
  - mkl
  track_features:
  - blas_mkl
  license: BSD 3-clause
  run_exports: {}
  size: 1390
- conda: https://conda.anaconda.org/conda-forge/win-64/intel-openmp-2026.1.0-h57928b3_248.conda
  sha256: a98f5eec048cca763384c295788673acc12ae4271887aaaebc298e4b854561e9
  md5: 77d5a5d230cc24d0316aba5bfbff90f7
  license: LicenseRef-IntelSimplifiedSoftwareOct2022
  license_family: Proprietary
  run_exports: {}
  size: 17877244
  timestamp: 1787725691681
- conda: https://conda.anaconda.org/conda-forge/win-64/libblas-3.9.0-8_mkl.tar.bz2
  build_number: 8
  sha256: 03abee1e77d7eec602f8599bf0d5045f47d0000a3ce36bbb13ca64faac1c45e1
  md5: 6de24bc80d8a3dcd5e2f06641a5d1da3
  depends:
  - mkl 2020.4 hb70f87d_311
  constrains:
  - liblapacke 3.9.0 8_mkl
  - blas * mkl
  - liblapack 3.9.0 8_mkl
  - libcblas 3.9.0 8_mkl
  - mkl <2025
  license: BSD-3-Clause
  license_family: BSD
  run_exports:
    weak:
    - libblas >=3.9.0,<4.0a0
  size: 4071895
  timestamp: 1612394585198
- conda: https://conda.anaconda.org/conda-forge/win-64/libcblas-3.9.0-8_mkl.tar.bz2
  build_number: 8
  sha256: badcc00849870297861a70c65484a0697ef9f1cdbe8d42cd363004ccdbd8923a
  md5: 3bac56af014b2ef22ebd87d4f5ee2774
  depends:
  - libblas 3.9.0 8_mkl
  constrains:
  - liblapacke 3.9.0 8_mkl
  - blas * mkl
  - liblapack 3.9.0 8_mkl
  - mkl <2025
  license: BSD-3-Clause
  license_family: BSD
  run_exports:
    weak:
    - libcblas >=3.9.0,<4.0a0
  size: 4071811
  timestamp: 1612394617920
- conda: https://conda.anaconda.org/conda-forge/win-64/liblapack-3.9.0-8_mkl.tar.bz2
  build_number: 8
  sha256: 9f542a821bc777aaf99948ef731aedd6d900c1085038db842237fda2a6f516d2
  md5: f3c618bd796a71eede50ffe29d25ad8c
  depends:
  - libblas 3.9.0 8_mkl
  constrains:
  - liblapacke 3.9.0 8_mkl
  - blas * mkl
  - libcblas 3.9.0 8_mkl
  - mkl <2025
  license: BSD-3-Clause
  license_family: BSD
  run_exports:
    weak:
    - liblapack >=3.9.0,<3.10.0a0
  size: 4072390
  timestamp: 1612394650961
- conda: https://conda.anaconda.org/conda-forge/win-64/mkl-2020.4-hb70f87d_311.tar.bz2
  sha256: bed03b2e83817226314993e135213ae903c40b4423113509538106414ae1de64
  md5: eb823c8b41ecf9cd5f08baea1b32e4ef
  depends:
  - intel-openmp
  license: LicenseRef-ProprietaryIntel
  license_family: Proprietary
  run_exports: {}
  size: 180784978
  timestamp: 1605064106223
- conda: https://conda.anaconda.org/conda-forge/win-64/numpy-1.15.4-py36h8078771_1002.tar.bz2
  sha256: e838edc269e2fa09e3d719df8b26bab74636c48e31ca4794466a04b55d937b6f
  md5: c374f552ea55fc44d6322e99dbac06e2
  depends:
  - libblas >=3.8.0,<4.0a0
  - libcblas >=3.8.0,<4.0a0
  - liblapack >=3.8.0,<4.0.0a0
  - python >=3.6,<3.7.0a0
  - vc 14.*
  constrains:
  - python_abi * *_cp36m
  license: BSD 3-Clause
  run_exports: {}
  size: 3987754
  timestamp: 1552898291351
- conda: https://conda.anaconda.org/conda-forge/win-64/pandas-0.23.4-py36h830ac7b_1000.tar.bz2
  sha256: 2c4c1002f624395dd34519b50a1733a0225537227953076d0b6115a439492675
  md5: 98e7e2b16d6480c9bccfa84de0c683ed
  depends:
  - numpy >=1.11.3,<2.0a0
  - python >=3.6,<3.7.0a0
  - python-dateutil >=2.5.*
  - pytz
  - vc 14.*
  - setuptools <60.0.0
  constrains:
  - python_abi * *_cp36m
  license: BSD 3-clause
  run_exports: {}
  size: 9102093
  timestamp: 1539438468684
- conda: https://conda.anaconda.org/conda-forge/win-64/python-3.6.15-h39d44d4_0_cpython.tar.bz2
  sha256: cbc1e59d84c36308ff59a03813138fdea915177fee945108673c7b680be97948
  md5: 5e15cafa8ab460418b3b68080cba5b32
  depends:
  - vc >=14.1,<15.0a0
  - vs2015_runtime >=14.16.27012
  constrains:
  - python_abi 3.6.* *_cp36m
  license: Python-2.0
  run_exports:
    weak:
    - python_abi 3.6.* *_cp36m
    noarch:
    - python
  size: 19846283
  timestamp: 1638556352475
- conda: https://conda.anaconda.org/conda-forge/win-64/python_abi-3.6-2_cp36m.tar.bz2
  build_number: 2
  sha256: 232996686dfdc9c80f34420caa4c35bf0343a8aa1101a81107aad662a3787b16
  md5: 7d5091713ab031f827e4d3653b24fb01
  depends:
  - python 3.6.*
  constrains:
  - pypy <0a0
  license: BSD-3-Clause
  license_family: BSD
  run_exports: {}
  size: 4516
  timestamp: 1624472388123
- conda: https://conda.anaconda.org/conda-forge/win-64/setuptools-58.0.4-py36ha15d459_2.tar.bz2
  sha256: cd18f84b8385402dae1546b4c84dc3dfc694461d1c67147174c757852b997a91
  md5: c3ec7ff14cc5bc85e872fdc178682658
  depends:
  - python >=3.6,<3.7.0a0
  - python_abi 3.6.* *_cp36m
  license: MIT
  license_family: MIT
  run_exports: {}
  size: 981995
  timestamp: 1632599213017
- conda: https://conda.anaconda.org/conda-forge/win-64/ucrt-10.0.26100.0-h57928b3_0.conda
  sha256: 3005729dce6f3d3f5ec91dfc49fc75a0095f9cd23bab49efb899657297ac91a5
  md5: 71b24316859acd00bdb8b38f5e2ce328
  constrains:
  - vc14_runtime >=14.29.30037
  - vs2015_runtime >=14.29.30037
  license: LicenseRef-MicrosoftWindowsSDK10
  run_exports: {}
  size: 694692
  timestamp: 1756385147981
- conda: https://conda.anaconda.org/conda-forge/win-64/vc-14.5-ha367084_41.conda
  sha256: 35444c55a92e2f7f7ba26bc70f81e56e52344f7d064c0fd4b40a46a58517b79c
  md5: aa805b5522c2a98fa286e551a1f48546
  depends:
  - vc14_runtime >=14.51.36247
  track_features:
  - vc14
  license: BSD-3-Clause
  license_family: BSD
  run_exports: {}
  size: 21383
  timestamp: 1785359368566
- conda: https://conda.anaconda.org/conda-forge/win-64/vc14_runtime-14.51.36247-habf1de7_41.conda
  sha256: 4e4cb599cdc41bf2109d1464c127b5bcbddf548ce3e322e612afb691338b48f8
  md5: ac5333bb3d429361f23adf704cc49a78
  depends:
  - ucrt >=10.0.20348.0
  - vcomp14 14.51.36247 habf1de7_41
  constrains:
  - vs2015_runtime 14.51.36247.* *_41
  license: LicenseRef-MicrosoftVisualCpp2015-2022Runtime
  license_family: Proprietary
  run_exports: {}
  size: 767955
  timestamp: 1785359364369
- conda: https://conda.anaconda.org/conda-forge/win-64/vcomp14-14.51.36247-habf1de7_41.conda
  sha256: 731e043390c9457299484d39e427221fc868a9249540a498a5a4f6456c7744d1
  md5: 350bb67a5c8e5f1c53347ac544ab6600
  depends:
  - ucrt >=10.0.20348.0
  constrains:
  - vs2015_runtime 14.51.36247.* *_41
  license: LicenseRef-MicrosoftVisualCpp2015-2022Runtime
  license_family: Proprietary
  run_exports:
    strong:
    - vcomp14 >=14.51.36247
  size: 155910
  timestamp: 1785359349999
- conda: https://conda.anaconda.org/conda-forge/win-64/vs2015_runtime-14.51.36247-h633cb9f_41.conda
  sha256: ee0ae67c96b80b9fdb50c3f617c6329dbcdf1562d0267604f6c0e24f494431d6
  md5: 21504569fa34b5d3a67760219e3ff1cc
  depends:
  - vc14_runtime >=14.51.36247
  license: BSD-3-Clause
  license_family: BSD
  run_exports: {}
  size: 21386
  timestamp: 1785359368990
- conda: https://repo.anaconda.com/pkgs/main/win-64/icc_rt-2022.1.0-h6049295_2.conda
  sha256: 9b2b6f2bc25c061c9a2ba16ef95f77ad330e8ad233a1134330aeed354c2bbe5c
  md5: 4ea9e3682a5114c1ee3dc09bac898e8d
  license: Intel proprietary
  size: 6846362
  timestamp: 1664812389803
- conda: https://repo.anaconda.com/pkgs/main/win-64/scipy-1.1.0-py36h29ff71c_2.conda
  sha256: 8002fa259f7191e98e88a94c0d65a8f6d75d683749f19cb8f16c2a0fb4217fc8
  md5: 279c8c46df32703427e5d2caf33e5f13
  depends:
  - blas 1.0 mkl
  - icc_rt >=2019.0.0
  - mkl >=2019.1,<2021.0a0
  - numpy >=1.11.3,<2.0a0
  - python >=3.6,<3.7.0a0
  license: BSD 3-Clause
  size: 10897868
  timestamp: 1544811971905
